
Microsoft Visual Studio Solution File, Format Version 12.00
# Visual Studio Version 17
VisualStudioVersion = 17.2.32505.173
MinimumVisualStudioVersion = 10.0.40219.1
Project("{FAE04EC0-301F-11D3-BF4B-00C04F79EFBC}") = "Test", "Test\Test.csproj", "{7923569F-1FE8-4322-92F0-C23747CB6CDB}"
EndProject
Project("{FAE04EC0-301F-11D3-BF4B-00C04F79EFBC}") = "UnitTests", "UnitTests\UnitTests.csproj", "{ECC77FF9-7450-43E4-9CCA-FD48588997EE}"
EndProject
Project("{2150E333-8FDC-42A3-9474-1A3956D46DE8}") = "Элементы решения", "Элементы решения", "{B44D811D-DEAB-4F2C-87E7-648DB79C1FF9}"
	ProjectSection(SolutionItems) = preProject
		Test.sql = Test.sql
	EndProjectSection
EndProject
Global
	GlobalSection(SolutionConfigurationPlatforms) = preSolution
		Debug|Any CPU = Debug|Any CPU
		Release|Any CPU = Release|Any CPU
	EndGlobalSection
	GlobalSection(ProjectConfigurationPlatforms) = postSolution
		{7923569F-1FE8-4322-92F0-C23747CB6CDB}.Debug|Any CPU.ActiveCfg = Debug|Any CPU
		{7923569F-1FE8-4322-92F0-C23747CB6CDB}.Debug|Any CPU.Build.0 = Debug|Any CPU
		{7923569F-1FE8-4322-92F0-C23747CB6CDB}.Release|Any CPU.ActiveCfg = Release|Any CPU
		{7923569F-1FE8-4322-92F0-C23747CB6CDB}.Release|Any CPU.Build.0 = Release|Any CPU
		{ECC77FF9-7450-43E4-9CCA-FD48588997EE}.Debug|Any CPU.ActiveCfg = Debug|Any CPU
		{ECC77FF9-7450-43E4-9CCA-FD48588997EE}.Debug|Any CPU.Build.0 = Debug|Any CPU
		{ECC77FF9-7450-43E4-9CCA-FD48588997EE}.Release|Any CPU.ActiveCfg = Release|Any CPU
		{ECC77FF9-7450-43E4-9CCA-FD48588997EE}.Release|Any CPU.Build.0 = Release|Any CPU
	EndGlobalSection
	GlobalSection(SolutionProperties) = preSolution
		HideSolutionNode = FALSE
	EndGlobalSection
	GlobalSection(ExtensibilityGlobals) = postSolution
		SolutionGuid = {603BD840-170E-4D07-AE08-05F34DA51217}
	EndGlobalSection
EndGlobal
